
Microsoft Visual Studio Solution File, Format Version 12.00
# Visual Studio 15
VisualStudioVersion = 15.0.27428.2005
MinimumVisualStudioVersion = 10.0.40219.1
Project("{FAE04EC0-301F-11D3-BF4B-00C04F79EFBC}") = "ClipboardWatcher", "ClipboardWatcher\ClipboardWatcher.csproj", "{071022D4-605D-4137-BD8E-4D61831D0784}"
EndProject
Global
	GlobalSection(SolutionConfigurationPlatforms) = preSolution
		Debug|Any CPU = Debug|Any CPU
		Release|Any CPU = Release|Any CPU
	EndGlobalSection
	GlobalSection(ProjectConfigurationPlatforms) = postSolution
		{071022D4-605D-4137-BD8E-4D61831D0784}.Debug|Any CPU.ActiveCfg = Debug|Any CPU
		{071022D4-605D-4137-BD8E-4D61831D0784}.Debug|Any CPU.Build.0 = Debug|Any CPU
		{071022D4-605D-4137-BD8E-4D61831D0784}.Release|Any CPU.ActiveCfg = Release|Any CPU
		{071022D4-605D-4137-BD8E-4D61831D0784}.Release|Any CPU.Build.0 = Release|Any CPU
	EndGlobalSection
	GlobalSection(SolutionProperties) = preSolution
		HideSolutionNode = FALSE
	EndGlobalSection
	GlobalSection(ExtensibilityGlobals) = postSolution
		SolutionGuid = {8224C287-1429-4034-B749-77ACF8A7ABE4}
	EndGlobalSection
EndGlobal
